
Microsoft Visual Studio Solution File, Format Version 12.00
# Visual Studio Version 17
VisualStudioVersion = 17.9.34622.214
MinimumVisualStudioVersion = 10.0.40219.1
Project("{9A19103F-16F7-4668-BE54-9A1E7A4F7556}") = "StalkerApi", "StalkerApi\StalkerApi.csproj", "{065DB69C-82F7-4619-B350-2CBF202B067A}"
EndProject
Project("{9A19103F-16F7-4668-BE54-9A1E7A4F7556}") = "FactionApi", "FactionApi\FactionApi.csproj", "{307CD571-1611-4FFF-AA56-43C0C2F1A383}"
EndProject
Project("{9A19103F-16F7-4668-BE54-9A1E7A4F7556}") = "FactionApiTests", "FactionApiTests\FactionApiTests.csproj", "{D21DEAAE-8540-492F-A139-7B6893668343}"
EndProject
Project("{9A19103F-16F7-4668-BE54-9A1E7A4F7556}") = "StalkerApiTests", "StalkerApiTests\StalkerApiTests.csproj", "{A38CB3CA-E902-4371-B1DE-96FE52E2EFFB}"
EndProject
Project("{9A19103F-16F7-4668-BE54-9A1E7A4F7556}") = "LocationApi", "LocationApi\LocationApi.csproj", "{581A2062-3AEF-4B6C-BD2A-673746C11548}"
EndProject
Project("{9A19103F-16F7-4668-BE54-9A1E7A4F7556}") = "LocationApiTests", "LocationApiTests\LocationApiTests.csproj", "{7703CB4E-04BD-4875-A184-317C338F3AE2}"
EndProject
Project("{2150E333-8FDC-42A3-9474-1A3956D46DE8}") = "Services", "Services", "{80CBB9BD-C21A-474E-A870-EA0BBB13D6B4}"
EndProject
Project("{2150E333-8FDC-42A3-9474-1A3956D46DE8}") = "Stalker", "Stalker", "{A01EDD27-F837-4FDB-ABDE-1F6F4F2DB44C}"
EndProject
Project("{2150E333-8FDC-42A3-9474-1A3956D46DE8}") = "Faction", "Faction", "{A7429651-D5BF-428F-8C8A-F78A7136D50D}"
EndProject
Project("{2150E333-8FDC-42A3-9474-1A3956D46DE8}") = "Location", "Location", "{5DA8024B-929B-4D67-B735-1973053D6F55}"
EndProject
Project("{2150E333-8FDC-42A3-9474-1A3956D46DE8}") = "Tests", "Tests", "{4AF49114-CBAF-4F77-9745-FAF689FADDF3}"
EndProject
Project("{2150E333-8FDC-42A3-9474-1A3956D46DE8}") = "Tasks", "Tasks", "{32AE3B77-97F0-4708-87BA-DDEEE99A6B96}"
EndProject
Project("{FAE04EC0-301F-11D3-BF4B-00C04F79EFBC}") = "TasksApi", "TasksApi\TasksApi.csproj", "{2D5DEA50-6C30-4D49-ADD6-B9C33BE3DD27}"
EndProject
Global
	GlobalSection(SolutionConfigurationPlatforms) = preSolution
		Debug|Any CPU = Debug|Any CPU
		Release|Any CPU = Release|Any CPU
	EndGlobalSection
	GlobalSection(ProjectConfigurationPlatforms) = postSolution
		{065DB69C-82F7-4619-B350-2CBF202B067A}.Debug|Any CPU.ActiveCfg = Debug|Any CPU
		{065DB69C-82F7-4619-B350-2CBF202B067A}.Debug|Any CPU.Build.0 = Debug|Any CPU
		{065DB69C-82F7-4619-B350-2CBF202B067A}.Release|Any CPU.ActiveCfg = Release|Any CPU
		{065DB69C-82F7-4619-B350-2CBF202B067A}.Release|Any CPU.Build.0 = Release|Any CPU
		{307CD571-1611-4FFF-AA56-43C0C2F1A383}.Debug|Any CPU.ActiveCfg = Debug|Any CPU
		{307CD571-1611-4FFF-AA56-43C0C2F1A383}.Debug|Any CPU.Build.0 = Debug|Any CPU
		{307CD571-1611-4FFF-AA56-43C0C2F1A383}.Release|Any CPU.ActiveCfg = Release|Any CPU
		{307CD571-1611-4FFF-AA56-43C0C2F1A383}.Release|Any CPU.Build.0 = Release|Any CPU
		{D21DEAAE-8540-492F-A139-7B6893668343}.Debug|Any CPU.ActiveCfg = Debug|Any CPU
		{D21DEAAE-8540-492F-A139-7B6893668343}.Debug|Any CPU.Build.0 = Debug|Any CPU
		{D21DEAAE-8540-492F-A139-7B6893668343}.Release|Any CPU.ActiveCfg = Release|Any CPU
		{D21DEAAE-8540-492F-A139-7B6893668343}.Release|Any CPU.Build.0 = Release|Any CPU
		{A38CB3CA-E902-4371-B1DE-96FE52E2EFFB}.Debug|Any CPU.ActiveCfg = Debug|Any CPU
		{A38CB3CA-E902-4371-B1DE-96FE52E2EFFB}.Debug|Any CPU.Build.0 = Debug|Any CPU
		{A38CB3CA-E902-4371-B1DE-96FE52E2EFFB}.Release|Any CPU.ActiveCfg = Release|Any CPU
		{A38CB3CA-E902-4371-B1DE-96FE52E2EFFB}.Release|Any CPU.Build.0 = Release|Any CPU
		{581A2062-3AEF-4B6C-BD2A-673746C11548}.Debug|Any CPU.ActiveCfg = Debug|Any CPU
		{581A2062-3AEF-4B6C-BD2A-673746C11548}.Debug|Any CPU.Build.0 = Debug|Any CPU
		{581A2062-3AEF-4B6C-BD2A-673746C11548}.Release|Any CPU.ActiveCfg = Release|Any CPU
		{581A2062-3AEF-4B6C-BD2A-673746C11548}.Release|Any CPU.Build.0 = Release|Any CPU
		{7703CB4E-04BD-4875-A184-317C338F3AE2}.Debug|Any CPU.ActiveCfg = Debug|Any CPU
		{7703CB4E-04BD-4875-A184-317C338F3AE2}.Debug|Any CPU.Build.0 = Debug|Any CPU
		{7703CB4E-04BD-4875-A184-317C338F3AE2}.Release|Any CPU.ActiveCfg = Release|Any CPU
		{7703CB4E-04BD-4875-A184-317C338F3AE2}.Release|Any CPU.Build.0 = Release|Any CPU
		{2D5DEA50-6C30-4D49-ADD6-B9C33BE3DD27}.Debug|Any CPU.ActiveCfg = Debug|Any CPU
		{2D5DEA50-6C30-4D49-ADD6-B9C33BE3DD27}.Debug|Any CPU.Build.0 = Debug|Any CPU
		{2D5DEA50-6C30-4D49-ADD6-B9C33BE3DD27}.Release|Any CPU.ActiveCfg = Release|Any CPU
		{2D5DEA50-6C30-4D49-ADD6-B9C33BE3DD27}.Release|Any CPU.Build.0 = Release|Any CPU
	EndGlobalSection
	GlobalSection(SolutionProperties) = preSolution
		HideSolutionNode = FALSE
	EndGlobalSection
	GlobalSection(NestedProjects) = preSolution
		{065DB69C-82F7-4619-B350-2CBF202B067A} = {A01EDD27-F837-4FDB-ABDE-1F6F4F2DB44C}
		{307CD571-1611-4FFF-AA56-43C0C2F1A383} = {A7429651-D5BF-428F-8C8A-F78A7136D50D}
		{D21DEAAE-8540-492F-A139-7B6893668343} = {4AF49114-CBAF-4F77-9745-FAF689FADDF3}
		{A38CB3CA-E902-4371-B1DE-96FE52E2EFFB} = {4AF49114-CBAF-4F77-9745-FAF689FADDF3}
		{581A2062-3AEF-4B6C-BD2A-673746C11548} = {5DA8024B-929B-4D67-B735-1973053D6F55}
		{7703CB4E-04BD-4875-A184-317C338F3AE2} = {4AF49114-CBAF-4F77-9745-FAF689FADDF3}
		{A01EDD27-F837-4FDB-ABDE-1F6F4F2DB44C} = {80CBB9BD-C21A-474E-A870-EA0BBB13D6B4}
		{A7429651-D5BF-428F-8C8A-F78A7136D50D} = {80CBB9BD-C21A-474E-A870-EA0BBB13D6B4}
		{5DA8024B-929B-4D67-B735-1973053D6F55} = {80CBB9BD-C21A-474E-A870-EA0BBB13D6B4}
		{32AE3B77-97F0-4708-87BA-DDEEE99A6B96} = {80CBB9BD-C21A-474E-A870-EA0BBB13D6B4}
		{2D5DEA50-6C30-4D49-ADD6-B9C33BE3DD27} = {32AE3B77-97F0-4708-87BA-DDEEE99A6B96}
	EndGlobalSection
	GlobalSection(ExtensibilityGlobals) = postSolution
		SolutionGuid = {2703EF9A-1C44-4D5D-89F4-014AB314C46D}
	EndGlobalSection
EndGlobal
